{
  "name": "vue-principle",
  "lockfileVersion": 2,
  "requires": true,
  "packages": {
    "": {
      "dependencies": {
        "pnpm": "^7.14.1"
      }
    },
    "node_modules/pnpm": {
      "version": "7.14.1",
      "resolved": "https://registry.npmmirror.com/pnpm/-/pnpm-7.14.1.tgz",
      "integrity": "sha512-jxnp3SGzTZcSITKfaTfRrkOJYSeHwlU/rF+K9ofaIeHUYF3zR3Qcy5vl8mm07ECMfWhNjOy2phs2o3Zb41pHAg==",
      "bin": {
        "pnpm": "bin/pnpm.cjs",
        "pnpx": "bin/pnpx.cjs"
      },
      "engines": {
        "node": ">=14.6"
      }
    }
  },
  "dependencies": {
    "pnpm": {
      "version": "7.14.1",
      "resolved": "https://registry.npmmirror.com/pnpm/-/pnpm-7.14.1.tgz",
      "integrity": "sha512-jxnp3SGzTZcSITKfaTfRrkOJYSeHwlU/rF+K9ofaIeHUYF3zR3Qcy5vl8mm07ECMfWhNjOy2phs2o3Zb41pHAg=="
    }
  }
}
